
Microsoft Visual Studio Solution File, Format Version 12.00
# Visual Studio Version 16
VisualStudioVersion = 16.0.30204.135
MinimumVisualStudioVersion = 10.0.40219.1
Project("{FAE04EC0-301F-11D3-BF4B-00C04F79EFBC}") = "Something", "Something\Something.csproj", "{9FAA6256-CB80-4AD5-8F29-A06268879C86}"
EndProject
Global
	GlobalSection(SolutionConfigurationPlatforms) = preSolution
		Debug|Any CPU = Debug|Any CPU
		Release|Any CPU = Release|Any CPU
	EndGlobalSection
	GlobalSection(ProjectConfigurationPlatforms) = postSolution
		{9FAA6256-CB80-4AD5-8F29-A06268879C86}.Debug|Any CPU.ActiveCfg = Debug|Any CPU
		{9FAA6256-CB80-4AD5-8F29-A06268879C86}.Debug|Any CPU.Build.0 = Debug|Any CPU
		{9FAA6256-CB80-4AD5-8F29-A06268879C86}.Release|Any CPU.ActiveCfg = Release|Any CPU
		{9FAA6256-CB80-4AD5-8F29-A06268879C86}.Release|Any CPU.Build.0 = Release|Any CPU
	EndGlobalSection
	GlobalSection(SolutionProperties) = preSolution
		HideSolutionNode = FALSE
	EndGlobalSection
	GlobalSection(ExtensibilityGlobals) = postSolution
		SolutionGuid = {4EEA0FEE-B30F-455E-A76D-C1FE2DFF43BC}
	EndGlobalSection
EndGlobal
