
Microsoft Visual Studio Solution File, Format Version 12.00
# Visual Studio Version 16
VisualStudioVersion = 16.0.30204.135
MinimumVisualStudioVersion = 10.0.40219.1
Project("{FAE04EC0-301F-11D3-BF4B-00C04F79EFBC}") = "QLSinhVien", "QLSinhVien\QLSinhVien.csproj", "{23CB96EA-94B9-4C69-BC87-6F27F1E1BDFE}"
EndProject
Global
	GlobalSection(SolutionConfigurationPlatforms) = preSolution
		Debug|Any CPU = Debug|Any CPU
		Release|Any CPU = Release|Any CPU
	EndGlobalSection
	GlobalSection(ProjectConfigurationPlatforms) = postSolution
		{23CB96EA-94B9-4C69-BC87-6F27F1E1BDFE}.Debug|Any CPU.ActiveCfg = Debug|Any CPU
		{23CB96EA-94B9-4C69-BC87-6F27F1E1BDFE}.Debug|Any CPU.Build.0 = Debug|Any CPU
		{23CB96EA-94B9-4C69-BC87-6F27F1E1BDFE}.Release|Any CPU.ActiveCfg = Release|Any CPU
		{23CB96EA-94B9-4C69-BC87-6F27F1E1BDFE}.Release|Any CPU.Build.0 = Release|Any CPU
	EndGlobalSection
	GlobalSection(SolutionProperties) = preSolution
		HideSolutionNode = FALSE
	EndGlobalSection
	GlobalSection(ExtensibilityGlobals) = postSolution
		SolutionGuid = {68BA76EB-378F-44C2-A45E-8899B312FCA9}
	EndGlobalSection
EndGlobal
